// !$*UTF8*$!
{
	archiveVersion = 1;
	classes = {
	};
	objectVersion = 50;
	objects = {

/* Begin PBXBuildFile section */
		64479DDA2353CF7E0026A966 /* AlbumCollectionList.swift in Sources */ = {isa = PBXBuildFile; fileRef = 64479DD92353CF7E0026A966 /* AlbumCollectionList.swift */; };
		64479DE22354FCEA0026A966 /* Api.swift in Sources */ = {isa = PBXBuildFile; fileRef = 64479DE12354FCEA0026A966 /* Api.swift */; };
		646A74702350AC140084F2D8 /* AlbumList.swift in Sources */ = {isa = PBXBuildFile; fileRef = 646A746F2350AC140084F2D8 /* AlbumList.swift */; };
		646A74722350AC2F0084F2D8 /* AlbumRow.swift in Sources */ = {isa = PBXBuildFile; fileRef = 646A74712350AC2F0084F2D8 /* AlbumRow.swift */; };
		646A74762350BB260084F2D8 /* sampleTracks.json in Resources */ = {isa = PBXBuildFile; fileRef = 646A74752350BB260084F2D8 /* sampleTracks.json */; };
		646A747A2350E0DB0084F2D8 /* AlbumListViewModel.swift in Sources */ = {isa = PBXBuildFile; fileRef = 646A74792350E0DB0084F2D8 /* AlbumListViewModel.swift */; };
		6492F0AE2351F7ED003CE948 /* SearchBar.swift in Sources */ = {isa = PBXBuildFile; fileRef = 6492F0AD2351F7ED003CE948 /* SearchBar.swift */; };
		6492F0B223527F1F003CE948 /* FavoriteTrackList.swift in Sources */ = {isa = PBXBuildFile; fileRef = 6492F0B123527F1F003CE948 /* FavoriteTrackList.swift */; };
		6492F0B523528954003CE948 /* RecommendationList.swift in Sources */ = {isa = PBXBuildFile; fileRef = 6492F0B423528954003CE948 /* RecommendationList.swift */; };
		6492F0B723528D2B003CE948 /* RecommendationApi.swift in Sources */ = {isa = PBXBuildFile; fileRef = 6492F0B623528D2B003CE948 /* RecommendationApi.swift */; };
		6492F0B923528D67003CE948 /* RecommendationListViewModel.swift in Sources */ = {isa = PBXBuildFile; fileRef = 6492F0B823528D67003CE948 /* RecommendationListViewModel.swift */; };
		6492F0BB23528FD0003CE948 /* Artist.swift in Sources */ = {isa = PBXBuildFile; fileRef = 6492F0BA23528FD0003CE948 /* Artist.swift */; };
		64977763234F44AD005AB478 /* AppDelegate.swift in Sources */ = {isa = PBXBuildFile; fileRef = 64977762234F44AD005AB478 /* AppDelegate.swift */; };
		64977765234F44AD005AB478 /* SceneDelegate.swift in Sources */ = {isa = PBXBuildFile; fileRef = 64977764234F44AD005AB478 /* SceneDelegate.swift */; };
		64977768234F44AD005AB478 /* PG5600_Exam.xcdatamodeld in Sources */ = {isa = PBXBuildFile; fileRef = 64977766234F44AD005AB478 /* PG5600_Exam.xcdatamodeld */; };
		6497776C234F44B1005AB478 /* Assets.xcassets in Resources */ = {isa = PBXBuildFile; fileRef = 6497776B234F44B1005AB478 /* Assets.xcassets */; };
		6497776F234F44B1005AB478 /* Preview Assets.xcassets in Resources */ = {isa = PBXBuildFile; fileRef = 6497776E234F44B1005AB478 /* Preview Assets.xcassets */; };
		64977772234F44B1005AB478 /* LaunchScreen.storyboard in Resources */ = {isa = PBXBuildFile; fileRef = 64977770234F44B1005AB478 /* LaunchScreen.storyboard */; };
		6497777D234F44B2005AB478 /* PG5600_ExamTests.swift in Sources */ = {isa = PBXBuildFile; fileRef = 6497777C234F44B2005AB478 /* PG5600_ExamTests.swift */; };
		64977788234F44B2005AB478 /* PG5600_ExamUITests.swift in Sources */ = {isa = PBXBuildFile; fileRef = 64977787234F44B2005AB478 /* PG5600_ExamUITests.swift */; };
		6497779F234F4850005AB478 /* PopularityApi.swift in Sources */ = {isa = PBXBuildFile; fileRef = 6497779E234F4850005AB478 /* PopularityApi.swift */; };
		649777A2234F48A1005AB478 /* Track.swift in Sources */ = {isa = PBXBuildFile; fileRef = 649777A1234F48A1005AB478 /* Track.swift */; };
		649777A5234F48EA005AB478 /* PopularityTests.swift in Sources */ = {isa = PBXBuildFile; fileRef = 649777A4234F48EA005AB478 /* PopularityTests.swift */; };
		649777AF234FCC79005AB478 /* ContentView.swift in Sources */ = {isa = PBXBuildFile; fileRef = 649777AE234FCC79005AB478 /* ContentView.swift */; };
		64A4EA6B2350FCD2002E2F1A /* AlbumViewModel.swift in Sources */ = {isa = PBXBuildFile; fileRef = 64A4EA6A2350FCD2002E2F1A /* AlbumViewModel.swift */; };
		64A4EA6D235114BC002E2F1A /* AlbumDetail.swift in Sources */ = {isa = PBXBuildFile; fileRef = 64A4EA6C235114BC002E2F1A /* AlbumDetail.swift */; };
		64A4EA6F23512077002E2F1A /* Album.swift in Sources */ = {isa = PBXBuildFile; fileRef = 64A4EA6E23512077002E2F1A /* Album.swift */; };
		64A4EA712351248F002E2F1A /* TrackList.swift in Sources */ = {isa = PBXBuildFile; fileRef = 64A4EA702351248F002E2F1A /* TrackList.swift */; };
		64A4EA732351251B002E2F1A /* TrackApi.swift in Sources */ = {isa = PBXBuildFile; fileRef = 64A4EA722351251B002E2F1A /* TrackApi.swift */; };
		64A4EA77235126F0002E2F1A /* TrackRow.swift in Sources */ = {isa = PBXBuildFile; fileRef = 64A4EA76235126F0002E2F1A /* TrackRow.swift */; };
		64A4EA7923512D35002E2F1A /* TrackListViewModel.swift in Sources */ = {isa = PBXBuildFile; fileRef = 64A4EA7823512D35002E2F1A /* TrackListViewModel.swift */; };
		64A4EA7F2351DB67002E2F1A /* AlbumSearchList.swift in Sources */ = {isa = PBXBuildFile; fileRef = 64A4EA7E2351DB67002E2F1A /* AlbumSearchList.swift */; };
		64A4EA812351DC1B002E2F1A /* AlbumApi.swift in Sources */ = {isa = PBXBuildFile; fileRef = 64A4EA802351DC1B002E2F1A /* AlbumApi.swift */; };
/* End PBXBuildFile section */

/* Begin PBXContainerItemProxy section */
		64977779234F44B2005AB478 /* PBXContainerItemProxy */ = {
			isa = PBXContainerItemProxy;
			containerPortal = 64977757234F44AD005AB478 /* Project object */;
			proxyType = 1;
			remoteGlobalIDString = 6497775E234F44AD005AB478;
			remoteInfo = "PG5600-Exam";
		};
		64977784234F44B2005AB478 /* PBXContainerItemProxy */ = {
			isa = PBXContainerItemProxy;
			containerPortal = 64977757234F44AD005AB478 /* Project object */;
			proxyType = 1;
			remoteGlobalIDString = 6497775E234F44AD005AB478;
			remoteInfo = "PG5600-Exam";
		};
/* End PBXContainerItemProxy section */

/* Begin PBXFileReference section */
		64479DD92353CF7E0026A966 /* AlbumCollectionList.swift */ = {isa = PBXFileReference; lastKnownFileType = sourcecode.swift; path = AlbumCollectionList.swift; sourceTree = "<group>"; };
		64479DE12354FCEA0026A966 /* Api.swift */ = {isa = PBXFileReference; lastKnownFileType = sourcecode.swift; path = Api.swift; sourceTree = "<group>"; };
		646A746F2350AC140084F2D8 /* AlbumList.swift */ = {isa = PBXFileReference; lastKnownFileType = sourcecode.swift; path = AlbumList.swift; sourceTree = "<group>"; };
		646A74712350AC2F0084F2D8 /* AlbumRow.swift */ = {isa = PBXFileReference; lastKnownFileType = sourcecode.swift; path = AlbumRow.swift; sourceTree = "<group>"; };
		646A74752350BB260084F2D8 /* sampleTracks.json */ = {isa = PBXFileReference; lastKnownFileType = text.json; path = sampleTracks.json; sourceTree = "<group>"; };
		646A74792350E0DB0084F2D8 /* AlbumListViewModel.swift */ = {isa = PBXFileReference; lastKnownFileType = sourcecode.swift; path = AlbumListViewModel.swift; sourceTree = "<group>"; };
		6492F0AD2351F7ED003CE948 /* SearchBar.swift */ = {isa = PBXFileReference; lastKnownFileType = sourcecode.swift; path = SearchBar.swift; sourceTree = "<group>"; };
		6492F0B123527F1F003CE948 /* FavoriteTrackList.swift */ = {isa = PBXFileReference; lastKnownFileType = sourcecode.swift; path = FavoriteTrackList.swift; sourceTree = "<group>"; };
		6492F0B423528954003CE948 /* RecommendationList.swift */ = {isa = PBXFileReference; lastKnownFileType = sourcecode.swift; path = RecommendationList.swift; sourceTree = "<group>"; };
		6492F0B623528D2B003CE948 /* RecommendationApi.swift */ = {isa = PBXFileReference; lastKnownFileType = sourcecode.swift; path = RecommendationApi.swift; sourceTree = "<group>"; };
		6492F0B823528D67003CE948 /* RecommendationListViewModel.swift */ = {isa = PBXFileReference; lastKnownFileType = sourcecode.swift; path = RecommendationListViewModel.swift; sourceTree = "<group>"; };
		6492F0BA23528FD0003CE948 /* Artist.swift */ = {isa = PBXFileReference; lastKnownFileType = sourcecode.swift; path = Artist.swift; sourceTree = "<group>"; };
		6497775F234F44AD005AB478 /* PG5600-Exam.app */ = {isa = PBXFileReference; explicitFileType = wrapper.application; includeInIndex = 0; path = "PG5600-Exam.app"; sourceTree = BUILT_PRODUCTS_DIR; };
		64977762234F44AD005AB478 /* AppDelegate.swift */ = {isa = PBXFileReference; lastKnownFileType = sourcecode.swift; path = AppDelegate.swift; sourceTree = "<group>"; };
		64977764234F44AD005AB478 /* SceneDelegate.swift */ = {isa = PBXFileReference; lastKnownFileType = sourcecode.swift; path = SceneDelegate.swift; sourceTree = "<group>"; };
		64977767234F44AD005AB478 /* PG5600_Exam.xcdatamodel */ = {isa = PBXFileReference; lastKnownFileType = wrapper.xcdatamodel; path = PG5600_Exam.xcdatamodel; sourceTree = "<group>"; };
		6497776B234F44B1005AB478 /* Assets.xcassets */ = {isa = PBXFileReference; lastKnownFileType = folder.assetcatalog; path = Assets.xcassets; sourceTree = "<group>"; };
		6497776E234F44B1005AB478 /* Preview Assets.xcassets */ = {isa = PBXFileReference; lastKnownFileType = folder.assetcatalog; path = "Preview Assets.xcassets"; sourceTree = "<group>"; };
		64977771234F44B1005AB478 /* Base */ = {isa = PBXFileReference; lastKnownFileType = file.storyboard; name = Base; path = Base.lproj/LaunchScreen.storyboard; sourceTree = "<group>"; };
		64977773234F44B1005AB478 /* Info.plist */ = {isa = PBXFileReference; lastKnownFileType = text.plist.xml; path = Info.plist; sourceTree = "<group>"; };
		64977778234F44B2005AB478 /* PG5600-ExamTests.xctest */ = {isa = PBXFileReference; explicitFileType = wrapper.cfbundle; includeInIndex = 0; path = "PG5600-ExamTests.xctest"; sourceTree = BUILT_PRODUCTS_DIR; };
		6497777C234F44B2005AB478 /* PG5600_ExamTests.swift */ = {isa = PBXFileReference; lastKnownFileType = sourcecode.swift; path = PG5600_ExamTests.swift; sourceTree = "<group>"; };
		6497777E234F44B2005AB478 /* Info.plist */ = {isa = PBXFileReference; lastKnownFileType = text.plist.xml; path = Info.plist; sourceTree = "<group>"; };
		64977783234F44B2005AB478 /* PG5600-ExamUITests.xctest */ = {isa = PBXFileReference; explicitFileType = wrapper.cfbundle; includeInIndex = 0; path = "PG5600-ExamUITests.xctest"; sourceTree = BUILT_PRODUCTS_DIR; };
		64977787234F44B2005AB478 /* PG5600_ExamUITests.swift */ = {isa = PBXFileReference; lastKnownFileType = sourcecode.swift; path = PG5600_ExamUITests.swift; sourceTree = "<group>"; };
		64977789234F44B2005AB478 /* Info.plist */ = {isa = PBXFileReference; lastKnownFileType = text.plist.xml; path = Info.plist; sourceTree = "<group>"; };
		6497779E234F4850005AB478 /* PopularityApi.swift */ = {isa = PBXFileReference; lastKnownFileType = sourcecode.swift; path = PopularityApi.swift; sourceTree = "<group>"; };
		649777A1234F48A1005AB478 /* Track.swift */ = {isa = PBXFileReference; lastKnownFileType = sourcecode.swift; path = Track.swift; sourceTree = "<group>"; };
		649777A4234F48EA005AB478 /* PopularityTests.swift */ = {isa = PBXFileReference; lastKnownFileType = sourcecode.swift; path = PopularityTests.swift; sourceTree = "<group>"; };
		649777AE234FCC79005AB478 /* ContentView.swift */ = {isa = PBXFileReference; lastKnownFileType = sourcecode.swift; path = ContentView.swift; sourceTree = "<group>"; };
		64A4EA6A2350FCD2002E2F1A /* AlbumViewModel.swift */ = {isa = PBXFileReference; lastKnownFileType = sourcecode.swift; path = AlbumViewModel.swift; sourceTree = "<group>"; };
		64A4EA6C235114BC002E2F1A /* AlbumDetail.swift */ = {isa = PBXFileReference; lastKnownFileType = sourcecode.swift; path = AlbumDetail.swift; sourceTree = "<group>"; };
		64A4EA6E23512077002E2F1A /* Album.swift */ = {isa = PBXFileReference; lastKnownFileType = sourcecode.swift; path = Album.swift; sourceTree = "<group>"; };
		64A4EA702351248F002E2F1A /* TrackList.swift */ = {isa = PBXFileReference; lastKnownFileType = sourcecode.swift; path = TrackList.swift; sourceTree = "<group>"; };
		64A4EA722351251B002E2F1A /* TrackApi.swift */ = {isa = PBXFileReference; lastKnownFileType = sourcecode.swift; path = TrackApi.swift; sourceTree = "<group>"; };
		64A4EA76235126F0002E2F1A /* TrackRow.swift */ = {isa = PBXFileReference; lastKnownFileType = sourcecode.swift; path = TrackRow.swift; sourceTree = "<group>"; };
		64A4EA7823512D35002E2F1A /* TrackListViewModel.swift */ = {isa = PBXFileReference; lastKnownFileType = sourcecode.swift; path = TrackListViewModel.swift; sourceTree = "<group>"; };
		64A4EA7E2351DB67002E2F1A /* AlbumSearchList.swift */ = {isa = PBXFileReference; lastKnownFileType = sourcecode.swift; path = AlbumSearchList.swift; sourceTree = "<group>"; };
		64A4EA802351DC1B002E2F1A /* AlbumApi.swift */ = {isa = PBXFileReference; lastKnownFileType = sourcecode.swift; path = AlbumApi.swift; sourceTree = "<group>"; };
/* End PBXFileReference section */

/* Begin PBXFrameworksBuildPhase section */
		6497775C234F44AD005AB478 /* Frameworks */ = {
			isa = PBXFrameworksBuildPhase;
			buildActionMask = 2147483647;
			files = (
			);
			runOnlyForDeploymentPostprocessing = 0;
		};
		64977775234F44B2005AB478 /* Frameworks */ = {
			isa = PBXFrameworksBuildPhase;
			buildActionMask = 2147483647;
			files = (
			);
			runOnlyForDeploymentPostprocessing = 0;
		};
		64977780234F44B2005AB478 /* Frameworks */ = {
			isa = PBXFrameworksBuildPhase;
			buildActionMask = 2147483647;
			files = (
			);
			runOnlyForDeploymentPostprocessing = 0;
		};
/* End PBXFrameworksBuildPhase section */

/* Begin PBXGroup section */
		64479DDB2353DBE50026A966 /* ViewModels */ = {
			isa = PBXGroup;
			children = (
				64479DDE2353DCBC0026A966 /* Artist */,
				64479DDD2353DC1E0026A966 /* Track */,
				64479DDC2353DC0D0026A966 /* Album */,
			);
			path = ViewModels;
			sourceTree = "<group>";
		};
		64479DDC2353DC0D0026A966 /* Album */ = {
			isa = PBXGroup;
			children = (
				64A4EA6A2350FCD2002E2F1A /* AlbumViewModel.swift */,
				646A74792350E0DB0084F2D8 /* AlbumListViewModel.swift */,
			);
			path = Album;
			sourceTree = "<group>";
		};
		64479DDD2353DC1E0026A966 /* Track */ = {
			isa = PBXGroup;
			children = (
				64A4EA7823512D35002E2F1A /* TrackListViewModel.swift */,
			);
			path = Track;
			sourceTree = "<group>";
		};
		64479DDE2353DCBC0026A966 /* Artist */ = {
			isa = PBXGroup;
			children = (
				6492F0B823528D67003CE948 /* RecommendationListViewModel.swift */,
			);
			path = Artist;
			sourceTree = "<group>";
		};
		6492F0B323528934003CE948 /* Artist */ = {
			isa = PBXGroup;
			children = (
				6492F0B423528954003CE948 /* RecommendationList.swift */,
			);
			path = Artist;
			sourceTree = "<group>";
		};
		64977756234F44AD005AB478 = {
			isa = PBXGroup;
			children = (
				64977761234F44AD005AB478 /* PG5600-Exam */,
				6497777B234F44B2005AB478 /* PG5600-ExamTests */,
				64977786234F44B2005AB478 /* PG5600-ExamUITests */,
				64977760234F44AD005AB478 /* Products */,
			);
			sourceTree = "<group>";
		};
		64977760234F44AD005AB478 /* Products */ = {
			isa = PBXGroup;
			children = (
				6497775F234F44AD005AB478 /* PG5600-Exam.app */,
				64977778234F44B2005AB478 /* PG5600-ExamTests.xctest */,
				64977783234F44B2005AB478 /* PG5600-ExamUITests.xctest */,
			);
			name = Products;
			sourceTree = "<group>";
		};
		64977761234F44AD005AB478 /* PG5600-Exam */ = {
			isa = PBXGroup;
			children = (
				64977797234F466D005AB478 /* API */,
				649777A0234F4895005AB478 /* Models */,
				64977796234F465C005AB478 /* Views */,
				64479DDB2353DBE50026A966 /* ViewModels */,
				64977762234F44AD005AB478 /* AppDelegate.swift */,
				64977764234F44AD005AB478 /* SceneDelegate.swift */,
				649777AE234FCC79005AB478 /* ContentView.swift */,
				6497776B234F44B1005AB478 /* Assets.xcassets */,
				64977770234F44B1005AB478 /* LaunchScreen.storyboard */,
				64977773234F44B1005AB478 /* Info.plist */,
				64977766234F44AD005AB478 /* PG5600_Exam.xcdatamodeld */,
				6497776D234F44B1005AB478 /* Preview Content */,
			);
			path = "PG5600-Exam";
			sourceTree = "<group>";
		};
		6497776D234F44B1005AB478 /* Preview Content */ = {
			isa = PBXGroup;
			children = (
				6497776E234F44B1005AB478 /* Preview Assets.xcassets */,
				646A74752350BB260084F2D8 /* sampleTracks.json */,
			);
			path = "Preview Content";
			sourceTree = "<group>";
		};
		6497777B234F44B2005AB478 /* PG5600-ExamTests */ = {
			isa = PBXGroup;
			children = (
				649777A3234F48CB005AB478 /* Api */,
				6497777C234F44B2005AB478 /* PG5600_ExamTests.swift */,
				6497777E234F44B2005AB478 /* Info.plist */,
			);
			path = "PG5600-ExamTests";
			sourceTree = "<group>";
		};
		64977786234F44B2005AB478 /* PG5600-ExamUITests */ = {
			isa = PBXGroup;
			children = (
				64977787234F44B2005AB478 /* PG5600_ExamUITests.swift */,
				64977789234F44B2005AB478 /* Info.plist */,
			);
			path = "PG5600-ExamUITests";
			sourceTree = "<group>";
		};
		64977796234F465C005AB478 /* Views */ = {
			isa = PBXGroup;
			children = (
				6492F0B323528934003CE948 /* Artist */,
				64A4EA75235126CB002E2F1A /* Track */,
				64A4EA74235126BD002E2F1A /* Album */,
				64A4EA822351DDD1002E2F1A /* Generic */,
			);
			path = Views;
			sourceTree = "<group>";
		};
		64977797234F466D005AB478 /* API */ = {
			isa = PBXGroup;
			children = (
				6497779E234F4850005AB478 /* PopularityApi.swift */,
				64A4EA722351251B002E2F1A /* TrackApi.swift */,
				64A4EA802351DC1B002E2F1A /* AlbumApi.swift */,
				6492F0B623528D2B003CE948 /* RecommendationApi.swift */,
				64479DE12354FCEA0026A966 /* Api.swift */,
			);
			path = API;
			sourceTree = "<group>";
		};
		649777A0234F4895005AB478 /* Models */ = {
			isa = PBXGroup;
			children = (
				649777A1234F48A1005AB478 /* Track.swift */,
				64A4EA6E23512077002E2F1A /* Album.swift */,
				6492F0BA23528FD0003CE948 /* Artist.swift */,
			);
			path = Models;
			sourceTree = "<group>";
		};
		649777A3234F48CB005AB478 /* Api */ = {
			isa = PBXGroup;
			children = (
				649777A4234F48EA005AB478 /* PopularityTests.swift */,
			);
			path = Api;
			sourceTree = "<group>";
		};
		64A4EA74235126BD002E2F1A /* Album */ = {
			isa = PBXGroup;
			children = (
				646A746F2350AC140084F2D8 /* AlbumList.swift */,
				646A74712350AC2F0084F2D8 /* AlbumRow.swift */,
				64A4EA6C235114BC002E2F1A /* AlbumDetail.swift */,
				64A4EA7E2351DB67002E2F1A /* AlbumSearchList.swift */,
				64479DD92353CF7E0026A966 /* AlbumCollectionList.swift */,
			);
			path = Album;
			sourceTree = "<group>";
		};
		64A4EA75235126CB002E2F1A /* Track */ = {
			isa = PBXGroup;
			children = (
				64A4EA702351248F002E2F1A /* TrackList.swift */,
				64A4EA76235126F0002E2F1A /* TrackRow.swift */,
				6492F0B123527F1F003CE948 /* FavoriteTrackList.swift */,
			);
			path = Track;
			sourceTree = "<group>";
		};
		64A4EA822351DDD1002E2F1A /* Generic */ = {
			isa = PBXGroup;
			children = (
				6492F0AD2351F7ED003CE948 /* SearchBar.swift */,
			);
			path = Generic;
			sourceTree = "<group>";
		};
/* End PBXGroup section */

/* Begin PBXNativeTarget section */
		6497775E234F44AD005AB478 /* PG5600-Exam */ = {
			isa = PBXNativeTarget;
			buildConfigurationList = 6497778C234F44B2005AB478 /* Build configuration list for PBXNativeTarget "PG5600-Exam" */;
			buildPhases = (
				6497775B234F44AD005AB478 /* Sources */,
				6497775C234F44AD005AB478 /* Frameworks */,
				6497775D234F44AD005AB478 /* Resources */,
			);
			buildRules = (
			);
			dependencies = (
			);
			name = "PG5600-Exam";
			productName = "PG5600-Exam";
			productReference = 6497775F234F44AD005AB478 /* PG5600-Exam.app */;
			productType = "com.apple.product-type.application";
		};
		64977777234F44B2005AB478 /* PG5600-ExamTests */ = {
			isa = PBXNativeTarget;
			buildConfigurationList = 6497778F234F44B2005AB478 /* Build configuration list for PBXNativeTarget "PG5600-ExamTests" */;
			buildPhases = (
				64977774234F44B2005AB478 /* Sources */,
				64977775234F44B2005AB478 /* Frameworks */,
				64977776234F44B2005AB478 /* Resources */,
			);
			buildRules = (
			);
			dependencies = (
				6497777A234F44B2005AB478 /* PBXTargetDependency */,
			);
			name = "PG5600-ExamTests";
			productName = "PG5600-ExamTests";
			productReference = 64977778234F44B2005AB478 /* PG5600-ExamTests.xctest */;
			productType = "com.apple.product-type.bundle.unit-test";
		};
		64977782234F44B2005AB478 /* PG5600-ExamUITests */ = {
			isa = PBXNativeTarget;
			buildConfigurationList = 64977792234F44B2005AB478 /* Build configuration list for PBXNativeTarget "PG5600-ExamUITests" */;
			buildPhases = (
				6497777F234F44B2005AB478 /* Sources */,
				64977780234F44B2005AB478 /* Frameworks */,
				64977781234F44B2005AB478 /* Resources */,
			);
			buildRules = (
			);
			dependencies = (
				64977785234F44B2005AB478 /* PBXTargetDependency */,
			);
			name = "PG5600-ExamUITests";
			productName = "PG5600-ExamUITests";
			productReference = 64977783234F44B2005AB478 /* PG5600-ExamUITests.xctest */;
			productType = "com.apple.product-type.bundle.ui-testing";
		};
/* End PBXNativeTarget section */

/* Begin PBXProject section */
		64977757234F44AD005AB478 /* Project object */ = {
			isa = PBXProject;
			attributes = {
				LastSwiftUpdateCheck = 1110;
				LastUpgradeCheck = 1110;
				ORGANIZATIONNAME = Flowt;
				TargetAttributes = {
					6497775E234F44AD005AB478 = {
						CreatedOnToolsVersion = 11.1;
					};
					64977777234F44B2005AB478 = {
						CreatedOnToolsVersion = 11.1;
						TestTargetID = 6497775E234F44AD005AB478;
					};
					64977782234F44B2005AB478 = {
						CreatedOnToolsVersion = 11.1;
						TestTargetID = 6497775E234F44AD005AB478;
					};
				};
			};
			buildConfigurationList = 6497775A234F44AD005AB478 /* Build configuration list for PBXProject "PG5600-Exam" */;
			compatibilityVersion = "Xcode 9.3";
			developmentRegion = en;
			hasScannedForEncodings = 0;
			knownRegions = (
				en,
				Base,
			);
			mainGroup = 64977756234F44AD005AB478;
			productRefGroup = 64977760234F44AD005AB478 /* Products */;
			projectDirPath = "";
			projectRoot = "";
			targets = (
				6497775E234F44AD005AB478 /* PG5600-Exam */,
				64977777234F44B2005AB478 /* PG5600-ExamTests */,
				64977782234F44B2005AB478 /* PG5600-ExamUITests */,
			);
		};
/* End PBXProject section */

/* Begin PBXResourcesBuildPhase section */
		6497775D234F44AD005AB478 /* Resources */ = {
			isa = PBXResourcesBuildPhase;
			buildActionMask = 2147483647;
			files = (
				64977772234F44B1005AB478 /* LaunchScreen.storyboard in Resources */,
				6497776F234F44B1005AB478 /* Preview Assets.xcassets in Resources */,
				6497776C234F44B1005AB478 /* Assets.xcassets in Resources */,
				646A74762350BB260084F2D8 /* sampleTracks.json in Resources */,
			);
			runOnlyForDeploymentPostprocessing = 0;
		};
		64977776234F44B2005AB478 /* Resources */ = {
			isa = PBXResourcesBuildPhase;
			buildActionMask = 2147483647;
			files = (
			);
			runOnlyForDeploymentPostprocessing = 0;
		};
		64977781234F44B2005AB478 /* Resources */ = {
			isa = PBXResourcesBuildPhase;
			buildActionMask = 2147483647;
			files = (
			);
			runOnlyForDeploymentPostprocessing = 0;
		};
/* End PBXResourcesBuildPhase section */

/* Begin PBXSourcesBuildPhase section */
		6497775B234F44AD005AB478 /* Sources */ = {
			isa = PBXSourcesBuildPhase;
			buildActionMask = 2147483647;
			files = (
				64A4EA7923512D35002E2F1A /* TrackListViewModel.swift in Sources */,
				64A4EA77235126F0002E2F1A /* TrackRow.swift in Sources */,
				64977763234F44AD005AB478 /* AppDelegate.swift in Sources */,
				6492F0B723528D2B003CE948 /* RecommendationApi.swift in Sources */,
				646A747A2350E0DB0084F2D8 /* AlbumListViewModel.swift in Sources */,
				64977768234F44AD005AB478 /* PG5600_Exam.xcdatamodeld in Sources */,
				64479DE22354FCEA0026A966 /* Api.swift in Sources */,
				649777AF234FCC79005AB478 /* ContentView.swift in Sources */,
				64A4EA812351DC1B002E2F1A /* AlbumApi.swift in Sources */,
				64A4EA712351248F002E2F1A /* TrackList.swift in Sources */,
				6492F0B223527F1F003CE948 /* FavoriteTrackList.swift in Sources */,
				64977765234F44AD005AB478 /* SceneDelegate.swift in Sources */,
				6492F0B923528D67003CE948 /* RecommendationListViewModel.swift in Sources */,
				6497779F234F4850005AB478 /* PopularityApi.swift in Sources */,
				64A4EA6D235114BC002E2F1A /* AlbumDetail.swift in Sources */,
				64A4EA6B2350FCD2002E2F1A /* AlbumViewModel.swift in Sources */,
				649777A2234F48A1005AB478 /* Track.swift in Sources */,
				646A74722350AC2F0084F2D8 /* AlbumRow.swift in Sources */,
				6492F0B523528954003CE948 /* RecommendationList.swift in Sources */,
				646A74702350AC140084F2D8 /* AlbumList.swift in Sources */,
				64A4EA7F2351DB67002E2F1A /* AlbumSearchList.swift in Sources */,
				6492F0AE2351F7ED003CE948 /* SearchBar.swift in Sources */,
				64A4EA6F23512077002E2F1A /* Album.swift in Sources */,
				6492F0BB23528FD0003CE948 /* Artist.swift in Sources */,
				64A4EA732351251B002E2F1A /* TrackApi.swift in Sources */,
				64479DDA2353CF7E0026A966 /* AlbumCollectionList.swift in Sources */,
			);
			runOnlyForDeploymentPostprocessing = 0;
		};
		64977774234F44B2005AB478 /* Sources */ = {
			isa = PBXSourcesBuildPhase;
			buildActionMask = 2147483647;
			files = (
				649777A5234F48EA005AB478 /* PopularityTests.swift in Sources */,
				6497777D234F44B2005AB478 /* PG5600_ExamTests.swift in Sources */,
			);
			runOnlyForDeploymentPostprocessing = 0;
		};
		6497777F234F44B2005AB478 /* Sources */ = {
			isa = PBXSourcesBuildPhase;
			buildActionMask = 2147483647;
			files = (
				64977788234F44B2005AB478 /* PG5600_ExamUITests.swift in Sources */,
			);
			runOnlyForDeploymentPostprocessing = 0;
		};
/* End PBXSourcesBuildPhase section */

/* Begin PBXTargetDependency section */
		6497777A234F44B2005AB478 /* PBXTargetDependency */ = {
			isa = PBXTargetDependency;
			target = 6497775E234F44AD005AB478 /* PG5600-Exam */;
			targetProxy = 64977779234F44B2005AB478 /* PBXContainerItemProxy */;
		};
		64977785234F44B2005AB478 /* PBXTargetDependency */ = {
			isa = PBXTargetDependency;
			target = 6497775E234F44AD005AB478 /* PG5600-Exam */;
			targetProxy = 64977784234F44B2005AB478 /* PBXContainerItemProxy */;
		};
/* End PBXTargetDependency section */

/* Begin PBXVariantGroup section */
		64977770234F44B1005AB478 /* LaunchScreen.storyboard */ = {
			isa = PBXVariantGroup;
			children = (
				64977771234F44B1005AB478 /* Base */,
			);
			name = LaunchScreen.storyboard;
			sourceTree = "<group>";
		};
/* End PBXVariantGroup section */

/* Begin XCBuildConfiguration section */
		6497778A234F44B2005AB478 /* Debug */ = {
			isa = XCBuildConfiguration;
			buildSettings = {
				ALWAYS_SEARCH_USER_PATHS = NO;
				CLANG_ANALYZER_NONNULL = YES;
				CLANG_ANALYZER_NUMBER_OBJECT_CONVERSION = YES_AGGRESSIVE;
				CLANG_CXX_LANGUAGE_STANDARD = "gnu++14";
				CLANG_CXX_LIBRARY = "libc++";
				CLANG_ENABLE_MODULES = YES;
				CLANG_ENABLE_OBJC_ARC = YES;
				CLANG_ENABLE_OBJC_WEAK = YES;
				CLANG_WARN_BLOCK_CAPTURE_AUTORELEASING = YES;
				CLANG_WARN_BOOL_CONVERSION = YES;
				CLANG_WARN_COMMA = YES;
				CLANG_WARN_CONSTANT_CONVERSION = YES;
				CLANG_WARN_DEPRECATED_OBJC_IMPLEMENTATIONS = YES;
				CLANG_WARN_DIRECT_OBJC_ISA_USAGE = YES_ERROR;
				CLANG_WARN_DOCUMENTATION_COMMENTS = YES;
				CLANG_WARN_EMPTY_BODY = YES;
				CLANG_WARN_ENUM_CONVERSION = YES;
				CLANG_WARN_INFINITE_RECURSION = YES;
				CLANG_WARN_INT_CONVERSION = YES;
				CLANG_WARN_NON_LITERAL_NULL_CONVERSION = YES;
				CLANG_WARN_OBJC_IMPLICIT_RETAIN_SELF = YES;
				CLANG_WARN_OBJC_LITERAL_CONVERSION = YES;
				CLANG_WARN_OBJC_ROOT_CLASS = YES_ERROR;
				CLANG_WARN_RANGE_LOOP_ANALYSIS = YES;
				CLANG_WARN_STRICT_PROTOTYPES = YES;
				CLANG_WARN_SUSPICIOUS_MOVE = YES;
				CLANG_WARN_UNGUARDED_AVAILABILITY = YES_AGGRESSIVE;
				CLANG_WARN_UNREACHABLE_CODE = YES;
				CLANG_WARN__DUPLICATE_METHOD_MATCH = YES;
				COPY_PHASE_STRIP = NO;
				DEBUG_INFORMATION_FORMAT = dwarf;
				ENABLE_STRICT_OBJC_MSGSEND = YES;
				ENABLE_TESTABILITY = YES;
				GCC_C_LANGUAGE_STANDARD = gnu11;
				GCC_DYNAMIC_NO_PIC = NO;
				GCC_NO_COMMON_BLOCKS = YES;
				GCC_OPTIMIZATION_LEVEL = 0;
				GCC_PREPROCESSOR_DEFINITIONS = (
					"DEBUG=1",
					"$(inherited)",
				);
				GCC_WARN_64_TO_32_BIT_CONVERSION = YES;
				GCC_WARN_ABOUT_RETURN_TYPE = YES_ERROR;
				GCC_WARN_UNDECLARED_SELECTOR = YES;
				GCC_WARN_UNINITIALIZED_AUTOS = YES_AGGRESSIVE;
				GCC_WARN_UNUSED_FUNCTION = YES;
				GCC_WARN_UNUSED_VARIABLE = YES;
				IPHONEOS_DEPLOYMENT_TARGET = 13.1;
				MTL_ENABLE_DEBUG_INFO = INCLUDE_SOURCE;
				MTL_FAST_MATH = YES;
				ONLY_ACTIVE_ARCH = YES;
				SDKROOT = iphoneos;
				SWIFT_ACTIVE_COMPILATION_CONDITIONS = DEBUG;
				SWIFT_OPTIMIZATION_LEVEL = "-Onone";
			};
			name = Debug;
		};
		6497778B234F44B2005AB478 /* Release */ = {
			isa = XCBuildConfiguration;
			buildSettings = {
				ALWAYS_SEARCH_USER_PATHS = NO;
				CLANG_ANALYZER_NONNULL = YES;
				CLANG_ANALYZER_NUMBER_OBJECT_CONVERSION = YES_AGGRESSIVE;
				CLANG_CXX_LANGUAGE_STANDARD = "gnu++14";
				CLANG_CXX_LIBRARY = "libc++";
				CLANG_ENABLE_MODULES = YES;
				CLANG_ENABLE_OBJC_ARC = YES;
				CLANG_ENABLE_OBJC_WEAK = YES;
				CLANG_WARN_BLOCK_CAPTURE_AUTORELEASING = YES;
				CLANG_WARN_BOOL_CONVERSION = YES;
				CLANG_WARN_COMMA = YES;
				CLANG_WARN_CONSTANT_CONVERSION = YES;
				CLANG_WARN_DEPRECATED_OBJC_IMPLEMENTATIONS = YES;
				CLANG_WARN_DIRECT_OBJC_ISA_USAGE = YES_ERROR;
				CLANG_WARN_DOCUMENTATION_COMMENTS = YES;
				CLANG_WARN_EMPTY_BODY = YES;
				CLANG_WARN_ENUM_CONVERSION = YES;
				CLANG_WARN_INFINITE_RECURSION = YES;
				CLANG_WARN_INT_CONVERSION = YES;
				CLANG_WARN_NON_LITERAL_NULL_CONVERSION = YES;
				CLANG_WARN_OBJC_IMPLICIT_RETAIN_SELF = YES;
				CLANG_WARN_OBJC_LITERAL_CONVERSION = YES;
				CLANG_WARN_OBJC_ROOT_CLASS = YES_ERROR;
				CLANG_WARN_RANGE_LOOP_ANALYSIS = YES;
				CLANG_WARN_STRICT_PROTOTYPES = YES;
				CLANG_WARN_SUSPICIOUS_MOVE = YES;
				CLANG_WARN_UNGUARDED_AVAILABILITY = YES_AGGRESSIVE;
				CLANG_WARN_UNREACHABLE_CODE = YES;
				CLANG_WARN__DUPLICATE_METHOD_MATCH = YES;
				COPY_PHASE_STRIP = NO;
				DEBUG_INFORMATION_FORMAT = "dwarf-with-dsym";
				ENABLE_NS_ASSERTIONS = NO;
				ENABLE_STRICT_OBJC_MSGSEND = YES;
				GCC_C_LANGUAGE_STANDARD = gnu11;
				GCC_NO_COMMON_BLOCKS = YES;
				GCC_WARN_64_TO_32_BIT_CONVERSION = YES;
				GCC_WARN_ABOUT_RETURN_TYPE = YES_ERROR;
				GCC_WARN_UNDECLARED_SELECTOR = YES;
				GCC_WARN_UNINITIALIZED_AUTOS = YES_AGGRESSIVE;
				GCC_WARN_UNUSED_FUNCTION = YES;
				GCC_WARN_UNUSED_VARIABLE = YES;
				IPHONEOS_DEPLOYMENT_TARGET = 13.1;
				MTL_ENABLE_DEBUG_INFO = NO;
				MTL_FAST_MATH = YES;
				SDKROOT = iphoneos;
				SWIFT_COMPILATION_MODE = wholemodule;
				SWIFT_OPTIMIZATION_LEVEL = "-O";
				VALIDATE_PRODUCT = YES;
			};
			name = Release;
		};
		6497778D234F44B2005AB478 /* Debug */ = {
			isa = XCBuildConfiguration;
			buildSettings = {
				ASSETCATALOG_COMPILER_APPICON_NAME = AppIcon;
				CODE_SIGN_STYLE = Automatic;
				DEVELOPMENT_ASSET_PATHS = "\"PG5600-Exam/Preview Content\"";
				DEVELOPMENT_TEAM = GNR9TUGZ4M;
				ENABLE_PREVIEWS = YES;
				INFOPLIST_FILE = "PG5600-Exam/Info.plist";
				LD_RUNPATH_SEARCH_PATHS = (
					"$(inherited)",
					"@executable_path/Frameworks",
				);
				PRODUCT_BUNDLE_IDENTIFIER = "flowt.PG5600-Exam";
				PRODUCT_NAME = "$(TARGET_NAME)";
				SWIFT_VERSION = 5.0;
				TARGETED_DEVICE_FAMILY = "1,2";
			};
			name = Debug;
		};
		6497778E234F44B2005AB478 /* Release */ = {
			isa = XCBuildConfiguration;
			buildSettings = {
				ASSETCATALOG_COMPILER_APPICON_NAME = AppIcon;
				CODE_SIGN_STYLE = Automatic;
				DEVELOPMENT_ASSET_PATHS = "\"PG5600-Exam/Preview Content\"";
				DEVELOPMENT_TEAM = GNR9TUGZ4M;
				ENABLE_PREVIEWS = YES;
				INFOPLIST_FILE = "PG5600-Exam/Info.plist";
				LD_RUNPATH_SEARCH_PATHS = (
					"$(inherited)",
					"@executable_path/Frameworks",
				);
				PRODUCT_BUNDLE_IDENTIFIER = "flowt.PG5600-Exam";
				PRODUCT_NAME = "$(TARGET_NAME)";
				SWIFT_VERSION = 5.0;
				TARGETED_DEVICE_FAMILY = "1,2";
			};
			name = Release;
		};
		64977790234F44B2005AB478 /* Debug */ = {
			isa = XCBuildConfiguration;
			buildSettings = {
				ALWAYS_EMBED_SWIFT_STANDARD_LIBRARIES = YES;
				BUNDLE_LOADER = "$(TEST_HOST)";
				CODE_SIGN_STYLE = Automatic;
				DEVELOPMENT_TEAM = GNR9TUGZ4M;
				INFOPLIST_FILE = "PG5600-ExamTests/Info.plist";
				IPHONEOS_DEPLOYMENT_TARGET = 13.1;
				LD_RUNPATH_SEARCH_PATHS = (
					"$(inherited)",
					"@executable_path/Frameworks",
					"@loader_path/Frameworks",
				);
				PRODUCT_BUNDLE_IDENTIFIER = "flowt.PG5600-ExamTests";
				PRODUCT_NAME = "$(TARGET_NAME)";
				SWIFT_VERSION = 5.0;
				TARGETED_DEVICE_FAMILY = "1,2";
				TEST_HOST = "$(BUILT_PRODUCTS_DIR)/PG5600-Exam.app/PG5600-Exam";
			};
			name = Debug;
		};
		64977791234F44B2005AB478 /* Release */ = {
			isa = XCBuildConfiguration;
			buildSettings = {
				ALWAYS_EMBED_SWIFT_STANDARD_LIBRARIES = YES;
				BUNDLE_LOADER = "$(TEST_HOST)";
				CODE_SIGN_STYLE = Automatic;
				DEVELOPMENT_TEAM = GNR9TUGZ4M;
				INFOPLIST_FILE = "PG5600-ExamTests/Info.plist";
				IPHONEOS_DEPLOYMENT_TARGET = 13.1;
				LD_RUNPATH_SEARCH_PATHS = (
					"$(inherited)",
					"@executable_path/Frameworks",
					"@loader_path/Frameworks",
				);
				PRODUCT_BUNDLE_IDENTIFIER = "flowt.PG5600-ExamTests";
				PRODUCT_NAME = "$(TARGET_NAME)";
				SWIFT_VERSION = 5.0;
				TARGETED_DEVICE_FAMILY = "1,2";
				TEST_HOST = "$(BUILT_PRODUCTS_DIR)/PG5600-Exam.app/PG5600-Exam";
			};
			name = Release;
		};
		64977793234F44B2005AB478 /* Debug */ = {
			isa = XCBuildConfiguration;
			buildSettings = {
				ALWAYS_EMBED_SWIFT_STANDARD_LIBRARIES = YES;
				CODE_SIGN_STYLE = Automatic;
				DEVELOPMENT_TEAM = GNR9TUGZ4M;
				INFOPLIST_FILE = "PG5600-ExamUITests/Info.plist";
				LD_RUNPATH_SEARCH_PATHS = (
					"$(inherited)",
					"@executable_path/Frameworks",
					"@loader_path/Frameworks",
				);
				PRODUCT_BUNDLE_IDENTIFIER = "flowt.PG5600-ExamUITests";
				PRODUCT_NAME = "$(TARGET_NAME)";
				SWIFT_VERSION = 5.0;
				TARGETED_DEVICE_FAMILY = "1,2";
				TEST_TARGET_NAME = "PG5600-Exam";
			};
			name = Debug;
		};
		64977794234F44B2005AB478 /* Release */ = {
			isa = XCBuildConfiguration;
			buildSettings = {
				ALWAYS_EMBED_SWIFT_STANDARD_LIBRARIES = YES;
				CODE_SIGN_STYLE = Automatic;
				DEVELOPMENT_TEAM = GNR9TUGZ4M;
				INFOPLIST_FILE = "PG5600-ExamUITests/Info.plist";
				LD_RUNPATH_SEARCH_PATHS = (
					"$(inherited)",
					"@executable_path/Frameworks",
					"@loader_path/Frameworks",
				);
				PRODUCT_BUNDLE_IDENTIFIER = "flowt.PG5600-ExamUITests";
				PRODUCT_NAME = "$(TARGET_NAME)";
				SWIFT_VERSION = 5.0;
				TARGETED_DEVICE_FAMILY = "1,2";
				TEST_TARGET_NAME = "PG5600-Exam";
			};
			name = Release;
		};
/* End XCBuildConfiguration section */

/* Begin XCConfigurationList section */
		6497775A234F44AD005AB478 /* Build configuration list for PBXProject "PG5600-Exam" */ = {
			isa = XCConfigurationList;
			buildConfigurations = (
				6497778A234F44B2005AB478 /* Debug */,
				6497778B234F44B2005AB478 /* Release */,
			);
			defaultConfigurationIsVisible = 0;
			defaultConfigurationName = Release;
		};
		6497778C234F44B2005AB478 /* Build configuration list for PBXNativeTarget "PG5600-Exam" */ = {
			isa = XCConfigurationList;
			buildConfigurations = (
				6497778D234F44B2005AB478 /* Debug */,
				6497778E234F44B2005AB478 /* Release */,
			);
			defaultConfigurationIsVisible = 0;
			defaultConfigurationName = Release;
		};
		6497778F234F44B2005AB478 /* Build configuration list for PBXNativeTarget "PG5600-ExamTests" */ = {
			isa = XCConfigurationList;
			buildConfigurations = (
				64977790234F44B2005AB478 /* Debug */,
				64977791234F44B2005AB478 /* Release */,
			);
			defaultConfigurationIsVisible = 0;
			defaultConfigurationName = Release;
		};
		64977792234F44B2005AB478 /* Build configuration list for PBXNativeTarget "PG5600-ExamUITests" */ = {
			isa = XCConfigurationList;
			buildConfigurations = (
				64977793234F44B2005AB478 /* Debug */,
				64977794234F44B2005AB478 /* Release */,
			);
			defaultConfigurationIsVisible = 0;
			defaultConfigurationName = Release;
		};
/* End XCConfigurationList section */

/* Begin XCVersionGroup section */
		64977766234F44AD005AB478 /* PG5600_Exam.xcdatamodeld */ = {
			isa = XCVersionGroup;
			children = (
				64977767234F44AD005AB478 /* PG5600_Exam.xcdatamodel */,
			);
			currentVersion = 64977767234F44AD005AB478 /* PG5600_Exam.xcdatamodel */;
			path = PG5600_Exam.xcdatamodeld;
			sourceTree = "<group>";
			versionGroupType = wrapper.xcdatamodel;
		};
/* End XCVersionGroup section */
	};
	rootObject = 64977757234F44AD005AB478 /* Project object */;
}
